
Microsoft Visual Studio Solution File, Format Version 12.00
# Visual Studio Version 17
VisualStudioVersion = 17.5.33627.172
MinimumVisualStudioVersion = 10.0.40219.1
Project("{8BC9CEB8-8B4A-11D0-8D11-00A0C91BC942}") = "Learning Vulkan", "Learning Vulkan.vcxproj", "{8645C37B-6568-4037-92B1-4DB1D92558EF}"
EndProject
Global
	GlobalSection(SolutionConfigurationPlatforms) = preSolution
		Debug|x64 = Debug|x64
		Debug|x86 = Debug|x86
		Release|x64 = Release|x64
		Release|x86 = Release|x86
	EndGlobalSection
	GlobalSection(ProjectConfigurationPlatforms) = postSolution
		{8645C37B-6568-4037-92B1-4DB1D92558EF}.Debug|x64.ActiveCfg = Debug|x64
		{8645C37B-6568-4037-92B1-4DB1D92558EF}.Debug|x64.Build.0 = Debug|x64
		{8645C37B-6568-4037-92B1-4DB1D92558EF}.Debug|x86.ActiveCfg = Debug|Win32
		{8645C37B-6568-4037-92B1-4DB1D92558EF}.Debug|x86.Build.0 = Debug|Win32
		{8645C37B-6568-4037-92B1-4DB1D92558EF}.Release|x64.ActiveCfg = Release|x64
		{8645C37B-6568-4037-92B1-4DB1D92558EF}.Release|x64.Build.0 = Release|x64
		{8645C37B-6568-4037-92B1-4DB1D92558EF}.Release|x86.ActiveCfg = Release|Win32
		{8645C37B-6568-4037-92B1-4DB1D92558EF}.Release|x86.Build.0 = Release|Win32
	EndGlobalSection
	GlobalSection(SolutionProperties) = preSolution
		HideSolutionNode = FALSE
	EndGlobalSection
	GlobalSection(ExtensibilityGlobals) = postSolution
		SolutionGuid = {76B59E49-F157-4884-9FB5-31AC1828FD07}
	EndGlobalSection
EndGlobal
